
Microsoft Visual Studio Solution File, Format Version 12.00
# Visual Studio Version 17
VisualStudioVersion = 17.8.34408.163
MinimumVisualStudioVersion = 10.0.40219.1
Project("{FAE04EC0-301F-11D3-BF4B-00C04F79EFBC}") = "ToDoAPIDb", "ToDoAPIDb.csproj", "{674A03DC-4BB3-4099-87F1-1F9A7D64C5A1}"
EndProject
Global
	GlobalSection(SolutionConfigurationPlatforms) = preSolution
		Debug|Any CPU = Debug|Any CPU
		Release|Any CPU = Release|Any CPU
	EndGlobalSection
	GlobalSection(ProjectConfigurationPlatforms) = postSolution
		{674A03DC-4BB3-4099-87F1-1F9A7D64C5A1}.Debug|Any CPU.ActiveCfg = Debug|Any CPU
		{674A03DC-4BB3-4099-87F1-1F9A7D64C5A1}.Debug|Any CPU.Build.0 = Debug|Any CPU
		{674A03DC-4BB3-4099-87F1-1F9A7D64C5A1}.Release|Any CPU.ActiveCfg = Release|Any CPU
		{674A03DC-4BB3-4099-87F1-1F9A7D64C5A1}.Release|Any CPU.Build.0 = Release|Any CPU
	EndGlobalSection
	GlobalSection(SolutionProperties) = preSolution
		HideSolutionNode = FALSE
	EndGlobalSection
	GlobalSection(ExtensibilityGlobals) = postSolution
		SolutionGuid = {926E97AE-1EB9-409A-91A6-AB7C3933550E}
	EndGlobalSection
EndGlobal
